{
  "name": "smart-environment",
  "version": "1.0.0",
  "lockfileVersion": 3,
  "requires": true,
  "packages": {
    "": {
      "name": "smart-environment",
      "version": "1.0.0",
      "license": "MIT",
      "dependencies": {
        "smart-file-system": "../smart-fs"
      }
    },
    "../smart-fs": {
      "version": "2.0.0",
      "license": "MIT",
      "dependencies": {
        "minimatch": "^9.0.4"
      },
      "devDependencies": {
        "ava": "^6.1.3",
        "dotenv": "^16.4.5"
      }
    },
    "node_modules/smart-file-system": {
      "resolved": "../smart-fs",
      "link": true
    }
  }
}
