{
  "name": "smart-environment",
  "version": "1.0.0",
  "lockfileVersion": 3,
  "requires": true,
  "packages": {
    "": {
      "name": "smart-environment",
      "version": "1.0.0",
      "license": "MIT",
      "dependencies": {
        "smart-change": "../smart-change",
        "smart-embed-model": "../smart-embed-model-v1",
        "smart-file-system": "../smart-fs",
        "smart-sources": "../smart-sources-v1",
        "smart-view": "../smart-view"
      }
    },
    "../smart-change": {
      "version": "1.0.0",
      "license": "MIT",
      "devDependencies": {
        "ava": "^6.1.3"
      }
    },
    "../smart-embed-model": {
      "version": "1.0.7",
      "extraneous": true,
      "license": "MIT",
      "dependencies": {
        "js-tiktoken": "^1.0.11",
        "smart-model": "../smart-model"
      },
      "devDependencies": {
        "ava": "^6.0.1",
        "dotenv": "^16.3.1",
        "esbuild": "^0.23.1",
        "jsdom": "^24.1.0"
      }
    },
    "../smart-embed-model-v1": {
      "name": "smart-embed-model",
      "version": "1.0.7",
      "license": "MIT",
      "dependencies": {
        "js-tiktoken": "^1.0.11",
        "smart-model": "../smart-model"
      },
      "devDependencies": {
        "ava": "^6.0.1",
        "dotenv": "^16.3.1",
        "esbuild": "^0.23.1",
        "jsdom": "^24.1.0"
      }
    },
    "../smart-fs": {
      "name": "smart-file-system",
      "version": "2.0.0",
      "license": "MIT",
      "devDependencies": {
        "ava": "^6.1.3",
        "dotenv": "^16.4.5"
      }
    },
    "../smart-sources": {
      "version": "2.0.0",
      "extraneous": true,
      "license": "MIT",
      "dependencies": {
        "smart-entities": "file:../smart-entities"
      },
      "devDependencies": {
        "ava": "^6.0.1"
      }
    },
    "../smart-sources-v1": {
      "version": "2.0.0",
      "license": "MIT",
      "dependencies": {
        "smart-entities": "file:../smart-entities"
      },
      "devDependencies": {
        "ava": "^6.0.1"
      }
    },
    "../smart-view": {
      "version": "1.0.0",
      "license": "MIT"
    },
    "node_modules/smart-change": {
      "resolved": "../smart-change",
      "link": true
    },
    "node_modules/smart-embed-model": {
      "resolved": "../smart-embed-model-v1",
      "link": true
    },
    "node_modules/smart-file-system": {
      "resolved": "../smart-fs",
      "link": true
    },
    "node_modules/smart-sources": {
      "resolved": "../smart-sources-v1",
      "link": true
    },
    "node_modules/smart-view": {
      "resolved": "../smart-view",
      "link": true
    }
  }
}
