{
  "name": "smart-views",
  "version": "1.0.1",
  "lockfileVersion": 3,
  "requires": true,
  "packages": {
    "": {
      "name": "smart-views",
      "version": "1.0.1",
      "license": "MIT",
      "dependencies": {
        "lucide-static": "^0.414.0"
      }
    },
    "node_modules/lucide-static": {
      "version": "0.414.0",
      "resolved": "https://registry.npmjs.org/lucide-static/-/lucide-static-0.414.0.tgz",
      "integrity": "sha512-7I8ez6Gxd0gAz5LuRgWM8YMC7xGP992JMxrazF0KrbCqvWtwfWe0u1gS23detv5VAK8DQNHGMUbaShEssUGDgQ=="
    }
  }
}
